
Microsoft Visual Studio Solution File, Format Version 12.00
# Visual Studio Version 16
VisualStudioVersion = 16.0.31624.102
MinimumVisualStudioVersion = 10.0.40219.1
Project("{FAE04EC0-301F-11D3-BF4B-00C04F79EFBC}") = "DataAccessLayer", "DataAccessLayer\DataAccessLayer.csproj", "{C314F78E-753B-43F3-B985-5CAA22C0856E}"
EndProject
Project("{FAE04EC0-301F-11D3-BF4B-00C04F79EFBC}") = "Client", "Client\Client.csproj", "{78440176-2C84-43A5-997E-8146864EB3B8}"
EndProject
Global
	GlobalSection(SolutionConfigurationPlatforms) = preSolution
		Debug|Any CPU = Debug|Any CPU
		Release|Any CPU = Release|Any CPU
	EndGlobalSection
	GlobalSection(ProjectConfigurationPlatforms) = postSolution
		{C314F78E-753B-43F3-B985-5CAA22C0856E}.Debug|Any CPU.ActiveCfg = Debug|Any CPU
		{C314F78E-753B-43F3-B985-5CAA22C0856E}.Debug|Any CPU.Build.0 = Debug|Any CPU
		{C314F78E-753B-43F3-B985-5CAA22C0856E}.Release|Any CPU.ActiveCfg = Release|Any CPU
		{C314F78E-753B-43F3-B985-5CAA22C0856E}.Release|Any CPU.Build.0 = Release|Any CPU
		{78440176-2C84-43A5-997E-8146864EB3B8}.Debug|Any CPU.ActiveCfg = Debug|Any CPU
		{78440176-2C84-43A5-997E-8146864EB3B8}.Debug|Any CPU.Build.0 = Debug|Any CPU
		{78440176-2C84-43A5-997E-8146864EB3B8}.Release|Any CPU.ActiveCfg = Release|Any CPU
		{78440176-2C84-43A5-997E-8146864EB3B8}.Release|Any CPU.Build.0 = Release|Any CPU
	EndGlobalSection
	GlobalSection(SolutionProperties) = preSolution
		HideSolutionNode = FALSE
	EndGlobalSection
	GlobalSection(ExtensibilityGlobals) = postSolution
		SolutionGuid = {298F1A40-ACB4-4F45-8DA0-2E01B044A702}
	EndGlobalSection
EndGlobal
